
Microsoft Visual Studio Solution File, Format Version 12.00
# Visual Studio Version 17
VisualStudioVersion = 17.14.37111.16 d17.14
MinimumVisualStudioVersion = 10.0.40219.1
Project("{FAE04EC0-301F-11D3-BF4B-00C04F79EFBC}") = "Server", "Server\Server.csproj", "{FAFD8A86-6177-4F4C-8211-A706DDD73BE6}"
EndProject
Global
	GlobalSection(SolutionConfigurationPlatforms) = preSolution
		Debug|Any CPU = Debug|Any CPU
		Release|Any CPU = Release|Any CPU
	EndGlobalSection
	GlobalSection(ProjectConfigurationPlatforms) = postSolution
		{FAFD8A86-6177-4F4C-8211-A706DDD73BE6}.Debug|Any CPU.ActiveCfg = Debug|Any CPU
		{FAFD8A86-6177-4F4C-8211-A706DDD73BE6}.Debug|Any CPU.Build.0 = Debug|Any CPU
		{FAFD8A86-6177-4F4C-8211-A706DDD73BE6}.Release|Any CPU.ActiveCfg = Release|Any CPU
		{FAFD8A86-6177-4F4C-8211-A706DDD73BE6}.Release|Any CPU.Build.0 = Release|Any CPU
	EndGlobalSection
	GlobalSection(SolutionProperties) = preSolution
		HideSolutionNode = FALSE
	EndGlobalSection
	GlobalSection(ExtensibilityGlobals) = postSolution
		SolutionGuid = {F701F6C1-BF30-4D18-9F12-B584C60DF8EA}
	EndGlobalSection
EndGlobal
